
Microsoft Visual Studio Solution File, Format Version 12.00
# Visual Studio Version 17
VisualStudioVersion = 17.7.34221.43
MinimumVisualStudioVersion = 10.0.40219.1
Project("{9A19103F-16F7-4668-BE54-9A1E7A4F7556}") = "art_store", "art_store\art_store.csproj", "{A450DF74-5FA8-4E9E-BB78-5CF9C5C95723}"
EndProject
Project("{9A19103F-16F7-4668-BE54-9A1E7A4F7556}") = "art_store.DataAccess", "art_store.DataAccess\art_store.DataAccess.csproj", "{1A73103D-18B6-412F-A618-0ADA0FE08601}"
EndProject
Project("{9A19103F-16F7-4668-BE54-9A1E7A4F7556}") = "art_store.Entities", "art_store.Entities\art_store.Entities.csproj", "{6F25F70C-6E9C-4350-9984-3B4FF848E3CB}"
EndProject
Project("{9A19103F-16F7-4668-BE54-9A1E7A4F7556}") = "art_store.Services", "art_store.Services\art_store.Services.csproj", "{82C2A60D-B539-46EE-B14E-976AA987F402}"
EndProject
Project("{FAE04EC0-301F-11D3-BF4B-00C04F79EFBC}") = "art_store.Services.Contract", "art_store.Services.Contract\art_store.Services.Contract.csproj", "{43DECF4C-5BCE-42FD-8B1C-4D7DD4B04B99}"
EndProject
Project("{FAE04EC0-301F-11D3-BF4B-00C04F79EFBC}") = "art_store.art_storeDto", "art_store.art_storeDto\art_store.art_storeDto.csproj", "{84F72243-6E46-4523-BECE-9BAE05BE6654}"
EndProject
Project("{FAE04EC0-301F-11D3-BF4B-00C04F79EFBC}") = "art_store.UnitTests", "art_store.UnitTests\art_store.UnitTests.csproj", "{317CCE40-DEBF-4A16-A17C-83BDFCF68512}"
EndProject
Global
	GlobalSection(SolutionConfigurationPlatforms) = preSolution
		Debug|Any CPU = Debug|Any CPU
		Release|Any CPU = Release|Any CPU
	EndGlobalSection
	GlobalSection(ProjectConfigurationPlatforms) = postSolution
		{A450DF74-5FA8-4E9E-BB78-5CF9C5C95723}.Debug|Any CPU.ActiveCfg = Debug|Any CPU
		{A450DF74-5FA8-4E9E-BB78-5CF9C5C95723}.Debug|Any CPU.Build.0 = Debug|Any CPU
		{A450DF74-5FA8-4E9E-BB78-5CF9C5C95723}.Release|Any CPU.ActiveCfg = Release|Any CPU
		{A450DF74-5FA8-4E9E-BB78-5CF9C5C95723}.Release|Any CPU.Build.0 = Release|Any CPU
		{1A73103D-18B6-412F-A618-0ADA0FE08601}.Debug|Any CPU.ActiveCfg = Debug|Any CPU
		{1A73103D-18B6-412F-A618-0ADA0FE08601}.Debug|Any CPU.Build.0 = Debug|Any CPU
		{1A73103D-18B6-412F-A618-0ADA0FE08601}.Release|Any CPU.ActiveCfg = Release|Any CPU
		{1A73103D-18B6-412F-A618-0ADA0FE08601}.Release|Any CPU.Build.0 = Release|Any CPU
		{6F25F70C-6E9C-4350-9984-3B4FF848E3CB}.Debug|Any CPU.ActiveCfg = Debug|Any CPU
		{6F25F70C-6E9C-4350-9984-3B4FF848E3CB}.Debug|Any CPU.Build.0 = Debug|Any CPU
		{6F25F70C-6E9C-4350-9984-3B4FF848E3CB}.Release|Any CPU.ActiveCfg = Release|Any CPU
		{6F25F70C-6E9C-4350-9984-3B4FF848E3CB}.Release|Any CPU.Build.0 = Release|Any CPU
		{82C2A60D-B539-46EE-B14E-976AA987F402}.Debug|Any CPU.ActiveCfg = Debug|Any CPU
		{82C2A60D-B539-46EE-B14E-976AA987F402}.Debug|Any CPU.Build.0 = Debug|Any CPU
		{82C2A60D-B539-46EE-B14E-976AA987F402}.Release|Any CPU.ActiveCfg = Release|Any CPU
		{82C2A60D-B539-46EE-B14E-976AA987F402}.Release|Any CPU.Build.0 = Release|Any CPU
		{43DECF4C-5BCE-42FD-8B1C-4D7DD4B04B99}.Debug|Any CPU.ActiveCfg = Debug|Any CPU
		{43DECF4C-5BCE-42FD-8B1C-4D7DD4B04B99}.Debug|Any CPU.Build.0 = Debug|Any CPU
		{43DECF4C-5BCE-42FD-8B1C-4D7DD4B04B99}.Release|Any CPU.ActiveCfg = Release|Any CPU
		{43DECF4C-5BCE-42FD-8B1C-4D7DD4B04B99}.Release|Any CPU.Build.0 = Release|Any CPU
		{84F72243-6E46-4523-BECE-9BAE05BE6654}.Debug|Any CPU.ActiveCfg = Debug|Any CPU
		{84F72243-6E46-4523-BECE-9BAE05BE6654}.Debug|Any CPU.Build.0 = Debug|Any CPU
		{84F72243-6E46-4523-BECE-9BAE05BE6654}.Release|Any CPU.ActiveCfg = Release|Any CPU
		{84F72243-6E46-4523-BECE-9BAE05BE6654}.Release|Any CPU.Build.0 = Release|Any CPU
		{317CCE40-DEBF-4A16-A17C-83BDFCF68512}.Debug|Any CPU.ActiveCfg = Debug|Any CPU
		{317CCE40-DEBF-4A16-A17C-83BDFCF68512}.Debug|Any CPU.Build.0 = Debug|Any CPU
		{317CCE40-DEBF-4A16-A17C-83BDFCF68512}.Release|Any CPU.ActiveCfg = Release|Any CPU
		{317CCE40-DEBF-4A16-A17C-83BDFCF68512}.Release|Any CPU.Build.0 = Release|Any CPU
	EndGlobalSection
	GlobalSection(SolutionProperties) = preSolution
		HideSolutionNode = FALSE
	EndGlobalSection
	GlobalSection(ExtensibilityGlobals) = postSolution
		SolutionGuid = {20D4FB74-7BE7-4733-B515-D038CD22BD6C}
	EndGlobalSection
EndGlobal
