
Microsoft Visual Studio Solution File, Format Version 12.00
# Visual Studio Version 17
VisualStudioVersion = 17.7.34221.43
MinimumVisualStudioVersion = 10.0.40219.1
Project("{9A19103F-16F7-4668-BE54-9A1E7A4F7556}") = "art_store", "art_store\art_store.csproj", "{A450DF74-5FA8-4E9E-BB78-5CF9C5C95723}"
EndProject
Project("{9A19103F-16F7-4668-BE54-9A1E7A4F7556}") = "art_store.DataAccess", "art_store.DataAccess\art_store.DataAccess.csproj", "{1A73103D-18B6-412F-A618-0ADA0FE08601}"
EndProject
Project("{9A19103F-16F7-4668-BE54-9A1E7A4F7556}") = "art_store.Entities", "art_store.Entities\art_store.Entities.csproj", "{6F25F70C-6E9C-4350-9984-3B4FF848E3CB}"
EndProject
Global
	GlobalSection(SolutionConfigurationPlatforms) = preSolution
		Debug|Any CPU = Debug|Any CPU
		Release|Any CPU = Release|Any CPU
	EndGlobalSection
	GlobalSection(ProjectConfigurationPlatforms) = postSolution
		{A450DF74-5FA8-4E9E-BB78-5CF9C5C95723}.Debug|Any CPU.ActiveCfg = Debug|Any CPU
		{A450DF74-5FA8-4E9E-BB78-5CF9C5C95723}.Debug|Any CPU.Build.0 = Debug|Any CPU
		{A450DF74-5FA8-4E9E-BB78-5CF9C5C95723}.Release|Any CPU.ActiveCfg = Release|Any CPU
		{A450DF74-5FA8-4E9E-BB78-5CF9C5C95723}.Release|Any CPU.Build.0 = Release|Any CPU
		{1A73103D-18B6-412F-A618-0ADA0FE08601}.Debug|Any CPU.ActiveCfg = Debug|Any CPU
		{1A73103D-18B6-412F-A618-0ADA0FE08601}.Debug|Any CPU.Build.0 = Debug|Any CPU
		{1A73103D-18B6-412F-A618-0ADA0FE08601}.Release|Any CPU.ActiveCfg = Release|Any CPU
		{1A73103D-18B6-412F-A618-0ADA0FE08601}.Release|Any CPU.Build.0 = Release|Any CPU
		{6F25F70C-6E9C-4350-9984-3B4FF848E3CB}.Debug|Any CPU.ActiveCfg = Debug|Any CPU
		{6F25F70C-6E9C-4350-9984-3B4FF848E3CB}.Debug|Any CPU.Build.0 = Debug|Any CPU
		{6F25F70C-6E9C-4350-9984-3B4FF848E3CB}.Release|Any CPU.ActiveCfg = Release|Any CPU
		{6F25F70C-6E9C-4350-9984-3B4FF848E3CB}.Release|Any CPU.Build.0 = Release|Any CPU
	EndGlobalSection
	GlobalSection(SolutionProperties) = preSolution
		HideSolutionNode = FALSE
	EndGlobalSection
	GlobalSection(ExtensibilityGlobals) = postSolution
		SolutionGuid = {20D4FB74-7BE7-4733-B515-D038CD22BD6C}
	EndGlobalSection
EndGlobal
